
Microsoft Visual Studio Solution File, Format Version 12.00
# Visual Studio Version 16
VisualStudioVersion = 16.0.31005.135
MinimumVisualStudioVersion = 10.0.40219.1
Project("{FAE04EC0-301F-11D3-BF4B-00C04F79EFBC}") = "SubmitOrders", "SubmitOrders\SubmitOrders.csproj", "{C3082CC7-CAD5-4008-9C45-CDC988A18C4B}"
EndProject
Project("{FAE04EC0-301F-11D3-BF4B-00C04F79EFBC}") = "SellShirts", "SellShirts\SellShirts.csproj", "{D01CFF73-6CCE-48FB-A1FD-028D3AE05C50}"
EndProject
Project("{FAE04EC0-301F-11D3-BF4B-00C04F79EFBC}") = "DictionaryBenchmark", "DictionaryBenchmark\DictionaryBenchmark.csproj", "{8FE34EF0-48D1-434F-B0B1-B75A4D7E86C4}"
EndProject
Project("{FAE04EC0-301F-11D3-BF4B-00C04F79EFBC}") = "EnumerateDictionary", "EnumerateDictionary\EnumerateDictionary.csproj", "{36D5909D-5552-4D61-B7B7-901370AC05E5}"
EndProject
Global
	GlobalSection(SolutionConfigurationPlatforms) = preSolution
		Debug|Any CPU = Debug|Any CPU
		Release|Any CPU = Release|Any CPU
	EndGlobalSection
	GlobalSection(ProjectConfigurationPlatforms) = postSolution
		{C3082CC7-CAD5-4008-9C45-CDC988A18C4B}.Debug|Any CPU.ActiveCfg = Debug|Any CPU
		{C3082CC7-CAD5-4008-9C45-CDC988A18C4B}.Debug|Any CPU.Build.0 = Debug|Any CPU
		{C3082CC7-CAD5-4008-9C45-CDC988A18C4B}.Release|Any CPU.ActiveCfg = Release|Any CPU
		{C3082CC7-CAD5-4008-9C45-CDC988A18C4B}.Release|Any CPU.Build.0 = Release|Any CPU
		{D01CFF73-6CCE-48FB-A1FD-028D3AE05C50}.Debug|Any CPU.ActiveCfg = Debug|Any CPU
		{D01CFF73-6CCE-48FB-A1FD-028D3AE05C50}.Debug|Any CPU.Build.0 = Debug|Any CPU
		{D01CFF73-6CCE-48FB-A1FD-028D3AE05C50}.Release|Any CPU.ActiveCfg = Release|Any CPU
		{D01CFF73-6CCE-48FB-A1FD-028D3AE05C50}.Release|Any CPU.Build.0 = Release|Any CPU
		{8FE34EF0-48D1-434F-B0B1-B75A4D7E86C4}.Debug|Any CPU.ActiveCfg = Debug|Any CPU
		{8FE34EF0-48D1-434F-B0B1-B75A4D7E86C4}.Debug|Any CPU.Build.0 = Debug|Any CPU
		{8FE34EF0-48D1-434F-B0B1-B75A4D7E86C4}.Release|Any CPU.ActiveCfg = Release|Any CPU
		{8FE34EF0-48D1-434F-B0B1-B75A4D7E86C4}.Release|Any CPU.Build.0 = Release|Any CPU
		{36D5909D-5552-4D61-B7B7-901370AC05E5}.Debug|Any CPU.ActiveCfg = Debug|Any CPU
		{36D5909D-5552-4D61-B7B7-901370AC05E5}.Debug|Any CPU.Build.0 = Debug|Any CPU
		{36D5909D-5552-4D61-B7B7-901370AC05E5}.Release|Any CPU.ActiveCfg = Release|Any CPU
		{36D5909D-5552-4D61-B7B7-901370AC05E5}.Release|Any CPU.Build.0 = Release|Any CPU
	EndGlobalSection
	GlobalSection(SolutionProperties) = preSolution
		HideSolutionNode = FALSE
	EndGlobalSection
	GlobalSection(ExtensibilityGlobals) = postSolution
		SolutionGuid = {207AFBBE-5421-4C5E-BCA3-3FAE4FCB63F0}
	EndGlobalSection
EndGlobal
